
Microsoft Visual Studio Solution File, Format Version 12.00
# Visual Studio 15
VisualStudioVersion = 15.0.28307.539
MinimumVisualStudioVersion = 10.0.40219.1
Project("{FAE04EC0-301F-11D3-BF4B-00C04F79EFBC}") = "Bai2", "Bai2\Bai2.csproj", "{1290A6AF-0906-4681-8BA3-72633BAB66A2}"
EndProject
Global
	GlobalSection(SolutionConfigurationPlatforms) = preSolution
		Debug|Any CPU = Debug|Any CPU
		Release|Any CPU = Release|Any CPU
	EndGlobalSection
	GlobalSection(ProjectConfigurationPlatforms) = postSolution
		{1290A6AF-0906-4681-8BA3-72633BAB66A2}.Debug|Any CPU.ActiveCfg = Debug|Any CPU
		{1290A6AF-0906-4681-8BA3-72633BAB66A2}.Debug|Any CPU.Build.0 = Debug|Any CPU
		{1290A6AF-0906-4681-8BA3-72633BAB66A2}.Release|Any CPU.ActiveCfg = Release|Any CPU
		{1290A6AF-0906-4681-8BA3-72633BAB66A2}.Release|Any CPU.Build.0 = Release|Any CPU
	EndGlobalSection
	GlobalSection(SolutionProperties) = preSolution
		HideSolutionNode = FALSE
	EndGlobalSection
	GlobalSection(ExtensibilityGlobals) = postSolution
		SolutionGuid = {0AA2CC1F-C509-49A1-84C0-A5D4B198FEA1}
	EndGlobalSection
EndGlobal
